
Microsoft Visual Studio Solution File, Format Version 12.00
# Visual Studio 15
VisualStudioVersion = 15.0.28307.1585
MinimumVisualStudioVersion = 10.0.40219.1
Project("{159641D6-6404-4A2A-AE62-294DE0FE8301}") = "ReconciliationTD", "ReconciliationTD.dtproj", "{A495655E-87B7-4A53-8304-F7936609AB98}"
EndProject
Global
	GlobalSection(SolutionConfigurationPlatforms) = preSolution
		Development|Default = Development|Default
	EndGlobalSection
	GlobalSection(ProjectConfigurationPlatforms) = postSolution
		{A495655E-87B7-4A53-8304-F7936609AB98}.Development|Default.ActiveCfg = Development
		{A495655E-87B7-4A53-8304-F7936609AB98}.Development|Default.Build.0 = Development
	EndGlobalSection
	GlobalSection(SolutionProperties) = preSolution
		HideSolutionNode = FALSE
	EndGlobalSection
	GlobalSection(ExtensibilityGlobals) = postSolution
		SolutionGuid = {C8E827BA-7F63-4C66-A1BD-3A89B9C00DA7}
	EndGlobalSection
EndGlobal
