
Microsoft Visual Studio Solution File, Format Version 12.00
# Visual Studio 15
VisualStudioVersion = 15.0.28307.1585
MinimumVisualStudioVersion = 10.0.40219.1
Project("{159641D6-6404-4A2A-AE62-294DE0FE8301}") = "UtilityTD", "UtilityTD.dtproj", "{6BF892AE-241C-40EE-A842-75C117AA568C}"
EndProject
Global
	GlobalSection(SolutionConfigurationPlatforms) = preSolution
		Development|Default = Development|Default
	EndGlobalSection
	GlobalSection(ProjectConfigurationPlatforms) = postSolution
		{6BF892AE-241C-40EE-A842-75C117AA568C}.Development|Default.ActiveCfg = Development
		{6BF892AE-241C-40EE-A842-75C117AA568C}.Development|Default.Build.0 = Development
	EndGlobalSection
	GlobalSection(SolutionProperties) = preSolution
		HideSolutionNode = FALSE
	EndGlobalSection
	GlobalSection(ExtensibilityGlobals) = postSolution
		SolutionGuid = {1963C800-2AE5-40EB-93B5-E5F609244191}
	EndGlobalSection
EndGlobal
